
Microsoft Visual Studio Solution File, Format Version 12.00
# Visual Studio 15
VisualStudioVersion = 15.0.27130.2024
MinimumVisualStudioVersion = 10.0.40219.1
Project("{FAE04EC0-301F-11D3-BF4B-00C04F79EFBC}") = "Sunbeam", "Sunbeam\Sunbeam.csproj", "{EA768EC4-CE71-44AC-8CE0-430548C6FCF4}"
EndProject
Project("{2150E333-8FDC-42A3-9474-1A3956D46DE8}") = "Solution Items", "Solution Items", "{85C6992A-DDD1-419F-8650-950AC14CBA2C}"
	ProjectSection(SolutionItems) = preProject
		README.md = README.md
	EndProjectSection
EndProject
Global
	GlobalSection(SolutionConfigurationPlatforms) = preSolution
		Debug|Any CPU = Debug|Any CPU
		Release|Any CPU = Release|Any CPU
	EndGlobalSection
	GlobalSection(ProjectConfigurationPlatforms) = postSolution
		{EA768EC4-CE71-44AC-8CE0-430548C6FCF4}.Debug|Any CPU.ActiveCfg = Debug|Any CPU
		{EA768EC4-CE71-44AC-8CE0-430548C6FCF4}.Debug|Any CPU.Build.0 = Debug|Any CPU
		{EA768EC4-CE71-44AC-8CE0-430548C6FCF4}.Release|Any CPU.ActiveCfg = Release|Any CPU
		{EA768EC4-CE71-44AC-8CE0-430548C6FCF4}.Release|Any CPU.Build.0 = Release|Any CPU
	EndGlobalSection
	GlobalSection(SolutionProperties) = preSolution
		HideSolutionNode = FALSE
	EndGlobalSection
	GlobalSection(ExtensibilityGlobals) = postSolution
		SolutionGuid = {DB616C29-5E3F-4A87-89C9-289B1C272762}
	EndGlobalSection
EndGlobal
